// !$*UTF8*$!
{
	archiveVersion = 1;
	classes = {
	};
	objectVersion = 56;
	objects = {

/* Begin PBXBuildFile section */
		A44F9BB02ACF5DAD0005B403 /* AppDelegate.swift in Sources */ = {isa = PBXBuildFile; fileRef = A44F9BAF2ACF5DAD0005B403 /* AppDelegate.swift */; };
		A44F9BB22ACF5DAD0005B403 /* SceneDelegate.swift in Sources */ = {isa = PBXBuildFile; fileRef = A44F9BB12ACF5DAD0005B403 /* SceneDelegate.swift */; };
		A44F9BB42ACF5DAD0005B403 /* ViewController.swift in Sources */ = {isa = PBXBuildFile; fileRef = A44F9BB32ACF5DAD0005B403 /* ViewController.swift */; };
		A44F9BB72ACF5DAD0005B403 /* Main.storyboard in Resources */ = {isa = PBXBuildFile; fileRef = A44F9BB52ACF5DAD0005B403 /* Main.storyboard */; };
		A44F9BB92ACF5DAF0005B403 /* Assets.xcassets in Resources */ = {isa = PBXBuildFile; fileRef = A44F9BB82ACF5DAF0005B403 /* Assets.xcassets */; };
		A44F9BBC2ACF5DAF0005B403 /* LaunchScreen.storyboard in Resources */ = {isa = PBXBuildFile; fileRef = A44F9BBA2ACF5DAF0005B403 /* LaunchScreen.storyboard */; };
		A44F9BC72ACF5DAF0005B403 /* TipShowTests.swift in Sources */ = {isa = PBXBuildFile; fileRef = A44F9BC62ACF5DAF0005B403 /* TipShowTests.swift */; };
		A44F9BD12ACF5DAF0005B403 /* TipShowUITests.swift in Sources */ = {isa = PBXBuildFile; fileRef = A44F9BD02ACF5DAF0005B403 /* TipShowUITests.swift */; };
		A44F9BD32ACF5DAF0005B403 /* TipShowUITestsLaunchTests.swift in Sources */ = {isa = PBXBuildFile; fileRef = A44F9BD22ACF5DAF0005B403 /* TipShowUITestsLaunchTests.swift */; };
/* End PBXBuildFile section */

/* Begin PBXContainerItemProxy section */
		A44F9BC32ACF5DAF0005B403 /* PBXContainerItemProxy */ = {
			isa = PBXContainerItemProxy;
			containerPortal = A44F9BA42ACF5DAD0005B403 /* Project object */;
			proxyType = 1;
			remoteGlobalIDString = A44F9BAB2ACF5DAD0005B403;
			remoteInfo = TipShow;
		};
		A44F9BCD2ACF5DAF0005B403 /* PBXContainerItemProxy */ = {
			isa = PBXContainerItemProxy;
			containerPortal = A44F9BA42ACF5DAD0005B403 /* Project object */;
			proxyType = 1;
			remoteGlobalIDString = A44F9BAB2ACF5DAD0005B403;
			remoteInfo = TipShow;
		};
/* End PBXContainerItemProxy section */

/* Begin PBXFileReference section */
		A44F9BAC2ACF5DAD0005B403 /* TipShow.app */ = {isa = PBXFileReference; explicitFileType = wrapper.application; includeInIndex = 0; path = TipShow.app; sourceTree = BUILT_PRODUCTS_DIR; };
		A44F9BAF2ACF5DAD0005B403 /* AppDelegate.swift */ = {isa = PBXFileReference; lastKnownFileType = sourcecode.swift; path = AppDelegate.swift; sourceTree = "<group>"; };
		A44F9BB12ACF5DAD0005B403 /* SceneDelegate.swift */ = {isa = PBXFileReference; lastKnownFileType = sourcecode.swift; path = SceneDelegate.swift; sourceTree = "<group>"; };
		A44F9BB32ACF5DAD0005B403 /* ViewController.swift */ = {isa = PBXFileReference; lastKnownFileType = sourcecode.swift; path = ViewController.swift; sourceTree = "<group>"; };
		A44F9BB62ACF5DAD0005B403 /* Base */ = {isa = PBXFileReference; lastKnownFileType = file.storyboard; name = Base; path = Base.lproj/Main.storyboard; sourceTree = "<group>"; };
		A44F9BB82ACF5DAF0005B403 /* Assets.xcassets */ = {isa = PBXFileReference; lastKnownFileType = folder.assetcatalog; path = Assets.xcassets; sourceTree = "<group>"; };
		A44F9BBB2ACF5DAF0005B403 /* Base */ = {isa = PBXFileReference; lastKnownFileType = file.storyboard; name = Base; path = Base.lproj/LaunchScreen.storyboard; sourceTree = "<group>"; };
		A44F9BBD2ACF5DAF0005B403 /* Info.plist */ = {isa = PBXFileReference; lastKnownFileType = text.plist.xml; path = Info.plist; sourceTree = "<group>"; };
		A44F9BC22ACF5DAF0005B403 /* TipShowTests.xctest */ = {isa = PBXFileReference; explicitFileType = wrapper.cfbundle; includeInIndex = 0; path = TipShowTests.xctest; sourceTree = BUILT_PRODUCTS_DIR; };
		A44F9BC62ACF5DAF0005B403 /* TipShowTests.swift */ = {isa = PBXFileReference; lastKnownFileType = sourcecode.swift; path = TipShowTests.swift; sourceTree = "<group>"; };
		A44F9BCC2ACF5DAF0005B403 /* TipShowUITests.xctest */ = {isa = PBXFileReference; explicitFileType = wrapper.cfbundle; includeInIndex = 0; path = TipShowUITests.xctest; sourceTree = BUILT_PRODUCTS_DIR; };
		A44F9BD02ACF5DAF0005B403 /* TipShowUITests.swift */ = {isa = PBXFileReference; lastKnownFileType = sourcecode.swift; path = TipShowUITests.swift; sourceTree = "<group>"; };
		A44F9BD22ACF5DAF0005B403 /* TipShowUITestsLaunchTests.swift */ = {isa = PBXFileReference; lastKnownFileType = sourcecode.swift; path = TipShowUITestsLaunchTests.swift; sourceTree = "<group>"; };
/* End PBXFileReference section */

/* Begin PBXFrameworksBuildPhase section */
		A44F9BA92ACF5DAD0005B403 /* Frameworks */ = {
			isa = PBXFrameworksBuildPhase;
			buildActionMask = 2147483647;
			files = (
			);
			runOnlyForDeploymentPostprocessing = 0;
		};
		A44F9BBF2ACF5DAF0005B403 /* Frameworks */ = {
			isa = PBXFrameworksBuildPhase;
			buildActionMask = 2147483647;
			files = (
			);
			runOnlyForDeploymentPostprocessing = 0;
		};
		A44F9BC92ACF5DAF0005B403 /* Frameworks */ = {
			isa = PBXFrameworksBuildPhase;
			buildActionMask = 2147483647;
			files = (
			);
			runOnlyForDeploymentPostprocessing = 0;
		};
/* End PBXFrameworksBuildPhase section */

/* Begin PBXGroup section */
		A44F9BA32ACF5DAD0005B403 = {
			isa = PBXGroup;
			children = (
				A44F9BAE2ACF5DAD0005B403 /* TipShow */,
				A44F9BC52ACF5DAF0005B403 /* TipShowTests */,
				A44F9BCF2ACF5DAF0005B403 /* TipShowUITests */,
				A44F9BAD2ACF5DAD0005B403 /* Products */,
			);
			sourceTree = "<group>";
		};
		A44F9BAD2ACF5DAD0005B403 /* Products */ = {
			isa = PBXGroup;
			children = (
				A44F9BAC2ACF5DAD0005B403 /* TipShow.app */,
				A44F9BC22ACF5DAF0005B403 /* TipShowTests.xctest */,
				A44F9BCC2ACF5DAF0005B403 /* TipShowUITests.xctest */,
			);
			name = Products;
			sourceTree = "<group>";
		};
		A44F9BAE2ACF5DAD0005B403 /* TipShow */ = {
			isa = PBXGroup;
			children = (
				A44F9BAF2ACF5DAD0005B403 /* AppDelegate.swift */,
				A44F9BB12ACF5DAD0005B403 /* SceneDelegate.swift */,
				A44F9BB32ACF5DAD0005B403 /* ViewController.swift */,
				A44F9BB52ACF5DAD0005B403 /* Main.storyboard */,
				A44F9BB82ACF5DAF0005B403 /* Assets.xcassets */,
				A44F9BBA2ACF5DAF0005B403 /* LaunchScreen.storyboard */,
				A44F9BBD2ACF5DAF0005B403 /* Info.plist */,
			);
			path = TipShow;
			sourceTree = "<group>";
		};
		A44F9BC52ACF5DAF0005B403 /* TipShowTests */ = {
			isa = PBXGroup;
			children = (
				A44F9BC62ACF5DAF0005B403 /* TipShowTests.swift */,
			);
			path = TipShowTests;
			sourceTree = "<group>";
		};
		A44F9BCF2ACF5DAF0005B403 /* TipShowUITests */ = {
			isa = PBXGroup;
			children = (
				A44F9BD02ACF5DAF0005B403 /* TipShowUITests.swift */,
				A44F9BD22ACF5DAF0005B403 /* TipShowUITestsLaunchTests.swift */,
			);
			path = TipShowUITests;
			sourceTree = "<group>";
		};
/* End PBXGroup section */

/* Begin PBXNativeTarget section */
		A44F9BAB2ACF5DAD0005B403 /* TipShow */ = {
			isa = PBXNativeTarget;
			buildConfigurationList = A44F9BD62ACF5DAF0005B403 /* Build configuration list for PBXNativeTarget "TipShow" */;
			buildPhases = (
				A44F9BA82ACF5DAD0005B403 /* Sources */,
				A44F9BA92ACF5DAD0005B403 /* Frameworks */,
				A44F9BAA2ACF5DAD0005B403 /* Resources */,
			);
			buildRules = (
			);
			dependencies = (
			);
			name = TipShow;
			productName = TipShow;
			productReference = A44F9BAC2ACF5DAD0005B403 /* TipShow.app */;
			productType = "com.apple.product-type.application";
		};
		A44F9BC12ACF5DAF0005B403 /* TipShowTests */ = {
			isa = PBXNativeTarget;
			buildConfigurationList = A44F9BD92ACF5DAF0005B403 /* Build configuration list for PBXNativeTarget "TipShowTests" */;
			buildPhases = (
				A44F9BBE2ACF5DAF0005B403 /* Sources */,
				A44F9BBF2ACF5DAF0005B403 /* Frameworks */,
				A44F9BC02ACF5DAF0005B403 /* Resources */,
			);
			buildRules = (
			);
			dependencies = (
				A44F9BC42ACF5DAF0005B403 /* PBXTargetDependency */,
			);
			name = TipShowTests;
			productName = TipShowTests;
			productReference = A44F9BC22ACF5DAF0005B403 /* TipShowTests.xctest */;
			productType = "com.apple.product-type.bundle.unit-test";
		};
		A44F9BCB2ACF5DAF0005B403 /* TipShowUITests */ = {
			isa = PBXNativeTarget;
			buildConfigurationList = A44F9BDC2ACF5DAF0005B403 /* Build configuration list for PBXNativeTarget "TipShowUITests" */;
			buildPhases = (
				A44F9BC82ACF5DAF0005B403 /* Sources */,
				A44F9BC92ACF5DAF0005B403 /* Frameworks */,
				A44F9BCA2ACF5DAF0005B403 /* Resources */,
			);
			buildRules = (
			);
			dependencies = (
				A44F9BCE2ACF5DAF0005B403 /* PBXTargetDependency */,
			);
			name = TipShowUITests;
			productName = TipShowUITests;
			productReference = A44F9BCC2ACF5DAF0005B403 /* TipShowUITests.xctest */;
			productType = "com.apple.product-type.bundle.ui-testing";
		};
/* End PBXNativeTarget section */

/* Begin PBXProject section */
		A44F9BA42ACF5DAD0005B403 /* Project object */ = {
			isa = PBXProject;
			attributes = {
				BuildIndependentTargetsInParallel = 1;
				LastSwiftUpdateCheck = 1420;
				LastUpgradeCheck = 1420;
				ORGANIZATIONNAME = Wonderblue;
				TargetAttributes = {
					A44F9BAB2ACF5DAD0005B403 = {
						CreatedOnToolsVersion = 14.2;
					};
					A44F9BC12ACF5DAF0005B403 = {
						CreatedOnToolsVersion = 14.2;
						TestTargetID = A44F9BAB2ACF5DAD0005B403;
					};
					A44F9BCB2ACF5DAF0005B403 = {
						CreatedOnToolsVersion = 14.2;
						TestTargetID = A44F9BAB2ACF5DAD0005B403;
					};
				};
			};
			buildConfigurationList = A44F9BA72ACF5DAD0005B403 /* Build configuration list for PBXProject "TipShow" */;
			compatibilityVersion = "Xcode 14.0";
			developmentRegion = en;
			hasScannedForEncodings = 0;
			knownRegions = (
				en,
				Base,
			);
			mainGroup = A44F9BA32ACF5DAD0005B403;
			productRefGroup = A44F9BAD2ACF5DAD0005B403 /* Products */;
			projectDirPath = "";
			projectRoot = "";
			targets = (
				A44F9BAB2ACF5DAD0005B403 /* TipShow */,
				A44F9BC12ACF5DAF0005B403 /* TipShowTests */,
				A44F9BCB2ACF5DAF0005B403 /* TipShowUITests */,
			);
		};
/* End PBXProject section */

/* Begin PBXResourcesBuildPhase section */
		A44F9BAA2ACF5DAD0005B403 /* Resources */ = {
			isa = PBXResourcesBuildPhase;
			buildActionMask = 2147483647;
			files = (
				A44F9BBC2ACF5DAF0005B403 /* LaunchScreen.storyboard in Resources */,
				A44F9BB92ACF5DAF0005B403 /* Assets.xcassets in Resources */,
				A44F9BB72ACF5DAD0005B403 /* Main.storyboard in Resources */,
			);
			runOnlyForDeploymentPostprocessing = 0;
		};
		A44F9BC02ACF5DAF0005B403 /* Resources */ = {
			isa = PBXResourcesBuildPhase;
			buildActionMask = 2147483647;
			files = (
			);
			runOnlyForDeploymentPostprocessing = 0;
		};
		A44F9BCA2ACF5DAF0005B403 /* Resources */ = {
			isa = PBXResourcesBuildPhase;
			buildActionMask = 2147483647;
			files = (
			);
			runOnlyForDeploymentPostprocessing = 0;
		};
/* End PBXResourcesBuildPhase section */

/* Begin PBXSourcesBuildPhase section */
		A44F9BA82ACF5DAD0005B403 /* Sources */ = {
			isa = PBXSourcesBuildPhase;
			buildActionMask = 2147483647;
			files = (
				A44F9BB42ACF5DAD0005B403 /* ViewController.swift in Sources */,
				A44F9BB02ACF5DAD0005B403 /* AppDelegate.swift in Sources */,
				A44F9BB22ACF5DAD0005B403 /* SceneDelegate.swift in Sources */,
			);
			runOnlyForDeploymentPostprocessing = 0;
		};
		A44F9BBE2ACF5DAF0005B403 /* Sources */ = {
			isa = PBXSourcesBuildPhase;
			buildActionMask = 2147483647;
			files = (
				A44F9BC72ACF5DAF0005B403 /* TipShowTests.swift in Sources */,
			);
			runOnlyForDeploymentPostprocessing = 0;
		};
		A44F9BC82ACF5DAF0005B403 /* Sources */ = {
			isa = PBXSourcesBuildPhase;
			buildActionMask = 2147483647;
			files = (
				A44F9BD12ACF5DAF0005B403 /* TipShowUITests.swift in Sources */,
				A44F9BD32ACF5DAF0005B403 /* TipShowUITestsLaunchTests.swift in Sources */,
			);
			runOnlyForDeploymentPostprocessing = 0;
		};
/* End PBXSourcesBuildPhase section */

/* Begin PBXTargetDependency section */
		A44F9BC42ACF5DAF0005B403 /* PBXTargetDependency */ = {
			isa = PBXTargetDependency;
			target = A44F9BAB2ACF5DAD0005B403 /* TipShow */;
			targetProxy = A44F9BC32ACF5DAF0005B403 /* PBXContainerItemProxy */;
		};
		A44F9BCE2ACF5DAF0005B403 /* PBXTargetDependency */ = {
			isa = PBXTargetDependency;
			target = A44F9BAB2ACF5DAD0005B403 /* TipShow */;
			targetProxy = A44F9BCD2ACF5DAF0005B403 /* PBXContainerItemProxy */;
		};
/* End PBXTargetDependency section */

/* Begin PBXVariantGroup section */
		A44F9BB52ACF5DAD0005B403 /* Main.storyboard */ = {
			isa = PBXVariantGroup;
			children = (
				A44F9BB62ACF5DAD0005B403 /* Base */,
			);
			name = Main.storyboard;
			sourceTree = "<group>";
		};
		A44F9BBA2ACF5DAF0005B403 /* LaunchScreen.storyboard */ = {
			isa = PBXVariantGroup;
			children = (
				A44F9BBB2ACF5DAF0005B403 /* Base */,
			);
			name = LaunchScreen.storyboard;
			sourceTree = "<group>";
		};
/* End PBXVariantGroup section */

/* Begin XCBuildConfiguration section */
		A44F9BD42ACF5DAF0005B403 /* Debug */ = {
			isa = XCBuildConfiguration;
			buildSettings = {
				ALWAYS_SEARCH_USER_PATHS = NO;
				CLANG_ANALYZER_NONNULL = YES;
				CLANG_ANALYZER_NUMBER_OBJECT_CONVERSION = YES_AGGRESSIVE;
				CLANG_CXX_LANGUAGE_STANDARD = "gnu++20";
				CLANG_ENABLE_MODULES = YES;
				CLANG_ENABLE_OBJC_ARC = YES;
				CLANG_ENABLE_OBJC_WEAK = YES;
				CLANG_WARN_BLOCK_CAPTURE_AUTORELEASING = YES;
				CLANG_WARN_BOOL_CONVERSION = YES;
				CLANG_WARN_COMMA = YES;
				CLANG_WARN_CONSTANT_CONVERSION = YES;
				CLANG_WARN_DEPRECATED_OBJC_IMPLEMENTATIONS = YES;
				CLANG_WARN_DIRECT_OBJC_ISA_USAGE = YES_ERROR;
				CLANG_WARN_DOCUMENTATION_COMMENTS = YES;
				CLANG_WARN_EMPTY_BODY = YES;
				CLANG_WARN_ENUM_CONVERSION = YES;
				CLANG_WARN_INFINITE_RECURSION = YES;
				CLANG_WARN_INT_CONVERSION = YES;
				CLANG_WARN_NON_LITERAL_NULL_CONVERSION = YES;
				CLANG_WARN_OBJC_IMPLICIT_RETAIN_SELF = YES;
				CLANG_WARN_OBJC_LITERAL_CONVERSION = YES;
				CLANG_WARN_OBJC_ROOT_CLASS = YES_ERROR;
				CLANG_WARN_QUOTED_INCLUDE_IN_FRAMEWORK_HEADER = YES;
				CLANG_WARN_RANGE_LOOP_ANALYSIS = YES;
				CLANG_WARN_STRICT_PROTOTYPES = YES;
				CLANG_WARN_SUSPICIOUS_MOVE = YES;
				CLANG_WARN_UNGUARDED_AVAILABILITY = YES_AGGRESSIVE;
				CLANG_WARN_UNREACHABLE_CODE = YES;
				CLANG_WARN__DUPLICATE_METHOD_MATCH = YES;
				COPY_PHASE_STRIP = NO;
				DEBUG_INFORMATION_FORMAT = dwarf;
				ENABLE_STRICT_OBJC_MSGSEND = YES;
				ENABLE_TESTABILITY = YES;
				GCC_C_LANGUAGE_STANDARD = gnu11;
				GCC_DYNAMIC_NO_PIC = NO;
				GCC_NO_COMMON_BLOCKS = YES;
				GCC_OPTIMIZATION_LEVEL = 0;
				GCC_PREPROCESSOR_DEFINITIONS = (
					"DEBUG=1",
					"$(inherited)",
				);
				GCC_WARN_64_TO_32_BIT_CONVERSION = YES;
				GCC_WARN_ABOUT_RETURN_TYPE = YES_ERROR;
				GCC_WARN_UNDECLARED_SELECTOR = YES;
				GCC_WARN_UNINITIALIZED_AUTOS = YES_AGGRESSIVE;
				GCC_WARN_UNUSED_FUNCTION = YES;
				GCC_WARN_UNUSED_VARIABLE = YES;
				IPHONEOS_DEPLOYMENT_TARGET = 16.2;
				MTL_ENABLE_DEBUG_INFO = INCLUDE_SOURCE;
				MTL_FAST_MATH = YES;
				ONLY_ACTIVE_ARCH = YES;
				SDKROOT = iphoneos;
				SWIFT_ACTIVE_COMPILATION_CONDITIONS = DEBUG;
				SWIFT_OPTIMIZATION_LEVEL = "-Onone";
			};
			name = Debug;
		};
		A44F9BD52ACF5DAF0005B403 /* Release */ = {
			isa = XCBuildConfiguration;
			buildSettings = {
				ALWAYS_SEARCH_USER_PATHS = NO;
				CLANG_ANALYZER_NONNULL = YES;
				CLANG_ANALYZER_NUMBER_OBJECT_CONVERSION = YES_AGGRESSIVE;
				CLANG_CXX_LANGUAGE_STANDARD = "gnu++20";
				CLANG_ENABLE_MODULES = YES;
				CLANG_ENABLE_OBJC_ARC = YES;
				CLANG_ENABLE_OBJC_WEAK = YES;
				CLANG_WARN_BLOCK_CAPTURE_AUTORELEASING = YES;
				CLANG_WARN_BOOL_CONVERSION = YES;
				CLANG_WARN_COMMA = YES;
				CLANG_WARN_CONSTANT_CONVERSION = YES;
				CLANG_WARN_DEPRECATED_OBJC_IMPLEMENTATIONS = YES;
				CLANG_WARN_DIRECT_OBJC_ISA_USAGE = YES_ERROR;
				CLANG_WARN_DOCUMENTATION_COMMENTS = YES;
				CLANG_WARN_EMPTY_BODY = YES;
				CLANG_WARN_ENUM_CONVERSION = YES;
				CLANG_WARN_INFINITE_RECURSION = YES;
				CLANG_WARN_INT_CONVERSION = YES;
				CLANG_WARN_NON_LITERAL_NULL_CONVERSION = YES;
				CLANG_WARN_OBJC_IMPLICIT_RETAIN_SELF = YES;
				CLANG_WARN_OBJC_LITERAL_CONVERSION = YES;
				CLANG_WARN_OBJC_ROOT_CLASS = YES_ERROR;
				CLANG_WARN_QUOTED_INCLUDE_IN_FRAMEWORK_HEADER = YES;
				CLANG_WARN_RANGE_LOOP_ANALYSIS = YES;
				CLANG_WARN_STRICT_PROTOTYPES = YES;
				CLANG_WARN_SUSPICIOUS_MOVE = YES;
				CLANG_WARN_UNGUARDED_AVAILABILITY = YES_AGGRESSIVE;
				CLANG_WARN_UNREACHABLE_CODE = YES;
				CLANG_WARN__DUPLICATE_METHOD_MATCH = YES;
				COPY_PHASE_STRIP = NO;
				DEBUG_INFORMATION_FORMAT = "dwarf-with-dsym";
				ENABLE_NS_ASSERTIONS = NO;
				ENABLE_STRICT_OBJC_MSGSEND = YES;
				GCC_C_LANGUAGE_STANDARD = gnu11;
				GCC_NO_COMMON_BLOCKS = YES;
				GCC_WARN_64_TO_32_BIT_CONVERSION = YES;
				GCC_WARN_ABOUT_RETURN_TYPE = YES_ERROR;
				GCC_WARN_UNDECLARED_SELECTOR = YES;
				GCC_WARN_UNINITIALIZED_AUTOS = YES_AGGRESSIVE;
				GCC_WARN_UNUSED_FUNCTION = YES;
				GCC_WARN_UNUSED_VARIABLE = YES;
				IPHONEOS_DEPLOYMENT_TARGET = 16.2;
				MTL_ENABLE_DEBUG_INFO = NO;
				MTL_FAST_MATH = YES;
				SDKROOT = iphoneos;
				SWIFT_COMPILATION_MODE = wholemodule;
				SWIFT_OPTIMIZATION_LEVEL = "-O";
				VALIDATE_PRODUCT = YES;
			};
			name = Release;
		};
		A44F9BD72ACF5DAF0005B403 /* Debug */ = {
			isa = XCBuildConfiguration;
			buildSettings = {
				ASSETCATALOG_COMPILER_APPICON_NAME = AppIcon;
				ASSETCATALOG_COMPILER_GLOBAL_ACCENT_COLOR_NAME = AccentColor;
				ASSETCATALOG_COMPILER_INCLUDE_ALL_APPICON_ASSETS = NO;
				CODE_SIGN_STYLE = Automatic;
				CURRENT_PROJECT_VERSION = 1;
				GENERATE_INFOPLIST_FILE = YES;
				INFOPLIST_FILE = TipShow/Info.plist;
				INFOPLIST_KEY_CFBundleDisplayName = TipShow;
				INFOPLIST_KEY_UIApplicationSupportsIndirectInputEvents = YES;
				INFOPLIST_KEY_UILaunchStoryboardName = LaunchScreen;
				INFOPLIST_KEY_UIMainStoryboardFile = Main;
				INFOPLIST_KEY_UISupportedInterfaceOrientations = UIInterfaceOrientationLandscapeLeft;
				LD_RUNPATH_SEARCH_PATHS = (
					"$(inherited)",
					"@executable_path/Frameworks",
				);
				MARKETING_VERSION = 1.0;
				PRODUCT_BUNDLE_IDENTIFIER = wonderblue.TipShow;
				PRODUCT_NAME = "$(TARGET_NAME)";
				SUPPORTED_PLATFORMS = "iphoneos iphonesimulator";
				SUPPORTS_MACCATALYST = NO;
				SUPPORTS_MAC_DESIGNED_FOR_IPHONE_IPAD = NO;
				SWIFT_EMIT_LOC_STRINGS = YES;
				SWIFT_VERSION = 5.0;
				TARGETED_DEVICE_FAMILY = 1;
			};
			name = Debug;
		};
		A44F9BD82ACF5DAF0005B403 /* Release */ = {
			isa = XCBuildConfiguration;
			buildSettings = {
				ASSETCATALOG_COMPILER_APPICON_NAME = AppIcon;
				ASSETCATALOG_COMPILER_GLOBAL_ACCENT_COLOR_NAME = AccentColor;
				ASSETCATALOG_COMPILER_INCLUDE_ALL_APPICON_ASSETS = NO;
				CODE_SIGN_STYLE = Automatic;
				CURRENT_PROJECT_VERSION = 1;
				GENERATE_INFOPLIST_FILE = YES;
				INFOPLIST_FILE = TipShow/Info.plist;
				INFOPLIST_KEY_CFBundleDisplayName = TipShow;
				INFOPLIST_KEY_UIApplicationSupportsIndirectInputEvents = YES;
				INFOPLIST_KEY_UILaunchStoryboardName = LaunchScreen;
				INFOPLIST_KEY_UIMainStoryboardFile = Main;
				INFOPLIST_KEY_UISupportedInterfaceOrientations = UIInterfaceOrientationLandscapeLeft;
				LD_RUNPATH_SEARCH_PATHS = (
					"$(inherited)",
					"@executable_path/Frameworks",
				);
				MARKETING_VERSION = 1.0;
				PRODUCT_BUNDLE_IDENTIFIER = wonderblue.TipShow;
				PRODUCT_NAME = "$(TARGET_NAME)";
				SUPPORTED_PLATFORMS = "iphoneos iphonesimulator";
				SUPPORTS_MACCATALYST = NO;
				SUPPORTS_MAC_DESIGNED_FOR_IPHONE_IPAD = NO;
				SWIFT_EMIT_LOC_STRINGS = YES;
				SWIFT_VERSION = 5.0;
				TARGETED_DEVICE_FAMILY = 1;
			};
			name = Release;
		};
		A44F9BDA2ACF5DAF0005B403 /* Debug */ = {
			isa = XCBuildConfiguration;
			buildSettings = {
				ALWAYS_EMBED_SWIFT_STANDARD_LIBRARIES = YES;
				BUNDLE_LOADER = "$(TEST_HOST)";
				CODE_SIGN_STYLE = Automatic;
				CURRENT_PROJECT_VERSION = 1;
				GENERATE_INFOPLIST_FILE = YES;
				IPHONEOS_DEPLOYMENT_TARGET = 16.2;
				MARKETING_VERSION = 1.0;
				PRODUCT_BUNDLE_IDENTIFIER = wonderblue.TipShowTests;
				PRODUCT_NAME = "$(TARGET_NAME)";
				SWIFT_EMIT_LOC_STRINGS = NO;
				SWIFT_VERSION = 5.0;
				TARGETED_DEVICE_FAMILY = "1,2";
				TEST_HOST = "$(BUILT_PRODUCTS_DIR)/TipShow.app/$(BUNDLE_EXECUTABLE_FOLDER_PATH)/TipShow";
			};
			name = Debug;
		};
		A44F9BDB2ACF5DAF0005B403 /* Release */ = {
			isa = XCBuildConfiguration;
			buildSettings = {
				ALWAYS_EMBED_SWIFT_STANDARD_LIBRARIES = YES;
				BUNDLE_LOADER = "$(TEST_HOST)";
				CODE_SIGN_STYLE = Automatic;
				CURRENT_PROJECT_VERSION = 1;
				GENERATE_INFOPLIST_FILE = YES;
				IPHONEOS_DEPLOYMENT_TARGET = 16.2;
				MARKETING_VERSION = 1.0;
				PRODUCT_BUNDLE_IDENTIFIER = wonderblue.TipShowTests;
				PRODUCT_NAME = "$(TARGET_NAME)";
				SWIFT_EMIT_LOC_STRINGS = NO;
				SWIFT_VERSION = 5.0;
				TARGETED_DEVICE_FAMILY = "1,2";
				TEST_HOST = "$(BUILT_PRODUCTS_DIR)/TipShow.app/$(BUNDLE_EXECUTABLE_FOLDER_PATH)/TipShow";
			};
			name = Release;
		};
		A44F9BDD2ACF5DAF0005B403 /* Debug */ = {
			isa = XCBuildConfiguration;
			buildSettings = {
				ALWAYS_EMBED_SWIFT_STANDARD_LIBRARIES = YES;
				CODE_SIGN_STYLE = Automatic;
				CURRENT_PROJECT_VERSION = 1;
				GENERATE_INFOPLIST_FILE = YES;
				MARKETING_VERSION = 1.0;
				PRODUCT_BUNDLE_IDENTIFIER = wonderblue.TipShowUITests;
				PRODUCT_NAME = "$(TARGET_NAME)";
				SWIFT_EMIT_LOC_STRINGS = NO;
				SWIFT_VERSION = 5.0;
				TARGETED_DEVICE_FAMILY = "1,2";
				TEST_TARGET_NAME = TipShow;
			};
			name = Debug;
		};
		A44F9BDE2ACF5DAF0005B403 /* Release */ = {
			isa = XCBuildConfiguration;
			buildSettings = {
				ALWAYS_EMBED_SWIFT_STANDARD_LIBRARIES = YES;
				CODE_SIGN_STYLE = Automatic;
				CURRENT_PROJECT_VERSION = 1;
				GENERATE_INFOPLIST_FILE = YES;
				MARKETING_VERSION = 1.0;
				PRODUCT_BUNDLE_IDENTIFIER = wonderblue.TipShowUITests;
				PRODUCT_NAME = "$(TARGET_NAME)";
				SWIFT_EMIT_LOC_STRINGS = NO;
				SWIFT_VERSION = 5.0;
				TARGETED_DEVICE_FAMILY = "1,2";
				TEST_TARGET_NAME = TipShow;
			};
			name = Release;
		};
/* End XCBuildConfiguration section */

/* Begin XCConfigurationList section */
		A44F9BA72ACF5DAD0005B403 /* Build configuration list for PBXProject "TipShow" */ = {
			isa = XCConfigurationList;
			buildConfigurations = (
				A44F9BD42ACF5DAF0005B403 /* Debug */,
				A44F9BD52ACF5DAF0005B403 /* Release */,
			);
			defaultConfigurationIsVisible = 0;
			defaultConfigurationName = Release;
		};
		A44F9BD62ACF5DAF0005B403 /* Build configuration list for PBXNativeTarget "TipShow" */ = {
			isa = XCConfigurationList;
			buildConfigurations = (
				A44F9BD72ACF5DAF0005B403 /* Debug */,
				A44F9BD82ACF5DAF0005B403 /* Release */,
			);
			defaultConfigurationIsVisible = 0;
			defaultConfigurationName = Release;
		};
		A44F9BD92ACF5DAF0005B403 /* Build configuration list for PBXNativeTarget "TipShowTests" */ = {
			isa = XCConfigurationList;
			buildConfigurations = (
				A44F9BDA2ACF5DAF0005B403 /* Debug */,
				A44F9BDB2ACF5DAF0005B403 /* Release */,
			);
			defaultConfigurationIsVisible = 0;
			defaultConfigurationName = Release;
		};
		A44F9BDC2ACF5DAF0005B403 /* Build configuration list for PBXNativeTarget "TipShowUITests" */ = {
			isa = XCConfigurationList;
			buildConfigurations = (
				A44F9BDD2ACF5DAF0005B403 /* Debug */,
				A44F9BDE2ACF5DAF0005B403 /* Release */,
			);
			defaultConfigurationIsVisible = 0;
			defaultConfigurationName = Release;
		};
/* End XCConfigurationList section */
	};
	rootObject = A44F9BA42ACF5DAD0005B403 /* Project object */;
}
